{
  "name": "@fortawesome/free-solid-svg-icons",
  "version": "6.5.1",
  "lockfileVersion": 3,
  "requires": true,
  "packages": {
    "": {
      "name": "@fortawesome/free-solid-svg-icons",
      "version": "6.5.1",
      "hasInstallScript": true,
      "license": "(CC-BY-4.0 AND MIT)",
      "dependencies": {
        "@fortawesome/fontawesome-common-types": "6.5.1",
        "@fortawesome/free-solid-svg-icons": "file:"
      },
      "engines": {
        "node": ">=6"
      }
    },
    "node_modules/@fortawesome/fontawesome-common-types": {
      "version": "6.5.1",
      "resolved": "https://registry.npmjs.org/@fortawesome/fontawesome-common-types/-/fontawesome-common-types-6.5.1.tgz",
      "integrity": "sha512-GkWzv+L6d2bI5f/Vk6ikJ9xtl7dfXtoRu3YGE6nq0p/FFqA1ebMOAWg3XgRyb0I6LYyYkiAo+3/KrwuBp8xG7A==",
      "hasInstallScript": true,
      "license": "MIT",
      "engines": {
        "node": ">=6"
      }
    },
    "node_modules/@fortawesome/free-solid-svg-icons": {
      "resolved": "",
      "link": true
    }
  }
}
